
Microsoft Visual Studio Solution File, Format Version 12.00
# Visual Studio Version 17
VisualStudioVersion = 17.9.34622.214
MinimumVisualStudioVersion = 10.0.40219.1
Project("{9A19103F-16F7-4668-BE54-9A1E7A4F7556}") = "Projecto_App5_Max_Montes_Diaz_4F", "Projecto_App5_Max_Montes_Diaz_4F\Projecto_App5_Max_Montes_Diaz_4F\Projecto_App5_Max_Montes_Diaz_4F.csproj", "{1D7EFD68-F106-4109-815A-670EDDC339F5}"
EndProject
Project("{9A19103F-16F7-4668-BE54-9A1E7A4F7556}") = "Projecto_App5_Max_Montes_Diaz_4F.Client", "Projecto_App5_Max_Montes_Diaz_4F\Projecto_App5_Max_Montes_Diaz_4F.Client\Projecto_App5_Max_Montes_Diaz_4F.Client.csproj", "{10EFBC9D-C678-421B-9AF8-C3D768409130}"
EndProject
Global
	GlobalSection(SolutionConfigurationPlatforms) = preSolution
		Debug|Any CPU = Debug|Any CPU
		Release|Any CPU = Release|Any CPU
	EndGlobalSection
	GlobalSection(ProjectConfigurationPlatforms) = postSolution
		{1D7EFD68-F106-4109-815A-670EDDC339F5}.Debug|Any CPU.ActiveCfg = Debug|Any CPU
		{1D7EFD68-F106-4109-815A-670EDDC339F5}.Debug|Any CPU.Build.0 = Debug|Any CPU
		{1D7EFD68-F106-4109-815A-670EDDC339F5}.Release|Any CPU.ActiveCfg = Release|Any CPU
		{1D7EFD68-F106-4109-815A-670EDDC339F5}.Release|Any CPU.Build.0 = Release|Any CPU
		{10EFBC9D-C678-421B-9AF8-C3D768409130}.Debug|Any CPU.ActiveCfg = Debug|Any CPU
		{10EFBC9D-C678-421B-9AF8-C3D768409130}.Debug|Any CPU.Build.0 = Debug|Any CPU
		{10EFBC9D-C678-421B-9AF8-C3D768409130}.Release|Any CPU.ActiveCfg = Release|Any CPU
		{10EFBC9D-C678-421B-9AF8-C3D768409130}.Release|Any CPU.Build.0 = Release|Any CPU
	EndGlobalSection
	GlobalSection(SolutionProperties) = preSolution
		HideSolutionNode = FALSE
	EndGlobalSection
	GlobalSection(ExtensibilityGlobals) = postSolution
		SolutionGuid = {243595CB-A520-4CD1-A556-6EDCBCF9D02B}
	EndGlobalSection
EndGlobal
